// !$*UTF8*$!
{
	archiveVersion = 1;
	classes = {
	};
	objectVersion = 50;
	objects = {

/* Begin PBXBuildFile section */
		8DF74BB621A37555009536AA /* AppDelegate.swift in Sources */ = {isa = PBXBuildFile; fileRef = 8DF74BB521A37555009536AA /* AppDelegate.swift */; };
		8DF74BB821A37555009536AA /* ViewController.swift in Sources */ = {isa = PBXBuildFile; fileRef = 8DF74BB721A37555009536AA /* ViewController.swift */; };
		8DF74BBB21A37555009536AA /* Main.storyboard in Resources */ = {isa = PBXBuildFile; fileRef = 8DF74BB921A37555009536AA /* Main.storyboard */; };
		8DF74BBD21A37557009536AA /* Assets.xcassets in Resources */ = {isa = PBXBuildFile; fileRef = 8DF74BBC21A37557009536AA /* Assets.xcassets */; };
		8DF74BC021A37557009536AA /* LaunchScreen.storyboard in Resources */ = {isa = PBXBuildFile; fileRef = 8DF74BBE21A37557009536AA /* LaunchScreen.storyboard */; };
		8DF74BCB21A37557009536AA /* volumeTests.swift in Sources */ = {isa = PBXBuildFile; fileRef = 8DF74BCA21A37557009536AA /* volumeTests.swift */; };
		8DF74BD621A37557009536AA /* volumeUITests.swift in Sources */ = {isa = PBXBuildFile; fileRef = 8DF74BD521A37557009536AA /* volumeUITests.swift */; };
/* End PBXBuildFile section */

/* Begin PBXContainerItemProxy section */
		8DF74BC721A37557009536AA /* PBXContainerItemProxy */ = {
			isa = PBXContainerItemProxy;
			containerPortal = 8DF74BAA21A37555009536AA /* Project object */;
			proxyType = 1;
			remoteGlobalIDString = 8DF74BB121A37555009536AA;
			remoteInfo = volume;
		};
		8DF74BD221A37557009536AA /* PBXContainerItemProxy */ = {
			isa = PBXContainerItemProxy;
			containerPortal = 8DF74BAA21A37555009536AA /* Project object */;
			proxyType = 1;
			remoteGlobalIDString = 8DF74BB121A37555009536AA;
			remoteInfo = volume;
		};
/* End PBXContainerItemProxy section */

/* Begin PBXFileReference section */
		8DF74BB221A37555009536AA /* volume.app */ = {isa = PBXFileReference; explicitFileType = wrapper.application; includeInIndex = 0; path = volume.app; sourceTree = BUILT_PRODUCTS_DIR; };
		8DF74BB521A37555009536AA /* AppDelegate.swift */ = {isa = PBXFileReference; lastKnownFileType = sourcecode.swift; path = AppDelegate.swift; sourceTree = "<group>"; };
		8DF74BB721A37555009536AA /* ViewController.swift */ = {isa = PBXFileReference; lastKnownFileType = sourcecode.swift; path = ViewController.swift; sourceTree = "<group>"; };
		8DF74BBA21A37555009536AA /* Base */ = {isa = PBXFileReference; lastKnownFileType = file.storyboard; name = Base; path = Base.lproj/Main.storyboard; sourceTree = "<group>"; };
		8DF74BBC21A37557009536AA /* Assets.xcassets */ = {isa = PBXFileReference; lastKnownFileType = folder.assetcatalog; path = Assets.xcassets; sourceTree = "<group>"; };
		8DF74BBF21A37557009536AA /* Base */ = {isa = PBXFileReference; lastKnownFileType = file.storyboard; name = Base; path = Base.lproj/LaunchScreen.storyboard; sourceTree = "<group>"; };
		8DF74BC121A37557009536AA /* Info.plist */ = {isa = PBXFileReference; lastKnownFileType = text.plist.xml; path = Info.plist; sourceTree = "<group>"; };
		8DF74BC621A37557009536AA /* volumeTests.xctest */ = {isa = PBXFileReference; explicitFileType = wrapper.cfbundle; includeInIndex = 0; path = volumeTests.xctest; sourceTree = BUILT_PRODUCTS_DIR; };
		8DF74BCA21A37557009536AA /* volumeTests.swift */ = {isa = PBXFileReference; lastKnownFileType = sourcecode.swift; path = volumeTests.swift; sourceTree = "<group>"; };
		8DF74BCC21A37557009536AA /* Info.plist */ = {isa = PBXFileReference; lastKnownFileType = text.plist.xml; path = Info.plist; sourceTree = "<group>"; };
		8DF74BD121A37557009536AA /* volumeUITests.xctest */ = {isa = PBXFileReference; explicitFileType = wrapper.cfbundle; includeInIndex = 0; path = volumeUITests.xctest; sourceTree = BUILT_PRODUCTS_DIR; };
		8DF74BD521A37557009536AA /* volumeUITests.swift */ = {isa = PBXFileReference; lastKnownFileType = sourcecode.swift; path = volumeUITests.swift; sourceTree = "<group>"; };
		8DF74BD721A37557009536AA /* Info.plist */ = {isa = PBXFileReference; lastKnownFileType = text.plist.xml; path = Info.plist; sourceTree = "<group>"; };
/* End PBXFileReference section */

/* Begin PBXFrameworksBuildPhase section */
		8DF74BAF21A37555009536AA /* Frameworks */ = {
			isa = PBXFrameworksBuildPhase;
			buildActionMask = 2147483647;
			files = (
			);
			runOnlyForDeploymentPostprocessing = 0;
		};
		8DF74BC321A37557009536AA /* Frameworks */ = {
			isa = PBXFrameworksBuildPhase;
			buildActionMask = 2147483647;
			files = (
			);
			runOnlyForDeploymentPostprocessing = 0;
		};
		8DF74BCE21A37557009536AA /* Frameworks */ = {
			isa = PBXFrameworksBuildPhase;
			buildActionMask = 2147483647;
			files = (
			);
			runOnlyForDeploymentPostprocessing = 0;
		};
/* End PBXFrameworksBuildPhase section */

/* Begin PBXGroup section */
		8DF74BA921A37555009536AA = {
			isa = PBXGroup;
			children = (
				8DF74BB421A37555009536AA /* volume */,
				8DF74BC921A37557009536AA /* volumeTests */,
				8DF74BD421A37557009536AA /* volumeUITests */,
				8DF74BB321A37555009536AA /* Products */,
			);
			sourceTree = "<group>";
		};
		8DF74BB321A37555009536AA /* Products */ = {
			isa = PBXGroup;
			children = (
				8DF74BB221A37555009536AA /* volume.app */,
				8DF74BC621A37557009536AA /* volumeTests.xctest */,
				8DF74BD121A37557009536AA /* volumeUITests.xctest */,
			);
			name = Products;
			sourceTree = "<group>";
		};
		8DF74BB421A37555009536AA /* volume */ = {
			isa = PBXGroup;
			children = (
				8DF74BB521A37555009536AA /* AppDelegate.swift */,
				8DF74BB721A37555009536AA /* ViewController.swift */,
				8DF74BB921A37555009536AA /* Main.storyboard */,
				8DF74BBC21A37557009536AA /* Assets.xcassets */,
				8DF74BBE21A37557009536AA /* LaunchScreen.storyboard */,
				8DF74BC121A37557009536AA /* Info.plist */,
			);
			path = volume;
			sourceTree = "<group>";
		};
		8DF74BC921A37557009536AA /* volumeTests */ = {
			isa = PBXGroup;
			children = (
				8DF74BCA21A37557009536AA /* volumeTests.swift */,
				8DF74BCC21A37557009536AA /* Info.plist */,
			);
			path = volumeTests;
			sourceTree = "<group>";
		};
		8DF74BD421A37557009536AA /* volumeUITests */ = {
			isa = PBXGroup;
			children = (
				8DF74BD521A37557009536AA /* volumeUITests.swift */,
				8DF74BD721A37557009536AA /* Info.plist */,
			);
			path = volumeUITests;
			sourceTree = "<group>";
		};
/* End PBXGroup section */

/* Begin PBXNativeTarget section */
		8DF74BB121A37555009536AA /* volume */ = {
			isa = PBXNativeTarget;
			buildConfigurationList = 8DF74BDA21A37557009536AA /* Build configuration list for PBXNativeTarget "volume" */;
			buildPhases = (
				8DF74BAE21A37555009536AA /* Sources */,
				8DF74BAF21A37555009536AA /* Frameworks */,
				8DF74BB021A37555009536AA /* Resources */,
			);
			buildRules = (
			);
			dependencies = (
			);
			name = volume;
			productName = volume;
			productReference = 8DF74BB221A37555009536AA /* volume.app */;
			productType = "com.apple.product-type.application";
		};
		8DF74BC521A37557009536AA /* volumeTests */ = {
			isa = PBXNativeTarget;
			buildConfigurationList = 8DF74BDD21A37557009536AA /* Build configuration list for PBXNativeTarget "volumeTests" */;
			buildPhases = (
				8DF74BC221A37557009536AA /* Sources */,
				8DF74BC321A37557009536AA /* Frameworks */,
				8DF74BC421A37557009536AA /* Resources */,
			);
			buildRules = (
			);
			dependencies = (
				8DF74BC821A37557009536AA /* PBXTargetDependency */,
			);
			name = volumeTests;
			productName = volumeTests;
			productReference = 8DF74BC621A37557009536AA /* volumeTests.xctest */;
			productType = "com.apple.product-type.bundle.unit-test";
		};
		8DF74BD021A37557009536AA /* volumeUITests */ = {
			isa = PBXNativeTarget;
			buildConfigurationList = 8DF74BE021A37557009536AA /* Build configuration list for PBXNativeTarget "volumeUITests" */;
			buildPhases = (
				8DF74BCD21A37557009536AA /* Sources */,
				8DF74BCE21A37557009536AA /* Frameworks */,
				8DF74BCF21A37557009536AA /* Resources */,
			);
			buildRules = (
			);
			dependencies = (
				8DF74BD321A37557009536AA /* PBXTargetDependency */,
			);
			name = volumeUITests;
			productName = volumeUITests;
			productReference = 8DF74BD121A37557009536AA /* volumeUITests.xctest */;
			productType = "com.apple.product-type.bundle.ui-testing";
		};
/* End PBXNativeTarget section */

/* Begin PBXProject section */
		8DF74BAA21A37555009536AA /* Project object */ = {
			isa = PBXProject;
			attributes = {
				LastSwiftUpdateCheck = 1010;
				LastUpgradeCheck = 1010;
				ORGANIZATIONNAME = mopro;
				TargetAttributes = {
					8DF74BB121A37555009536AA = {
						CreatedOnToolsVersion = 10.1;
					};
					8DF74BC521A37557009536AA = {
						CreatedOnToolsVersion = 10.1;
						TestTargetID = 8DF74BB121A37555009536AA;
					};
					8DF74BD021A37557009536AA = {
						CreatedOnToolsVersion = 10.1;
						TestTargetID = 8DF74BB121A37555009536AA;
					};
				};
			};
			buildConfigurationList = 8DF74BAD21A37555009536AA /* Build configuration list for PBXProject "volume" */;
			compatibilityVersion = "Xcode 9.3";
			developmentRegion = en;
			hasScannedForEncodings = 0;
			knownRegions = (
				en,
				Base,
			);
			mainGroup = 8DF74BA921A37555009536AA;
			productRefGroup = 8DF74BB321A37555009536AA /* Products */;
			projectDirPath = "";
			projectRoot = "";
			targets = (
				8DF74BB121A37555009536AA /* volume */,
				8DF74BC521A37557009536AA /* volumeTests */,
				8DF74BD021A37557009536AA /* volumeUITests */,
			);
		};
/* End PBXProject section */

/* Begin PBXResourcesBuildPhase section */
		8DF74BB021A37555009536AA /* Resources */ = {
			isa = PBXResourcesBuildPhase;
			buildActionMask = 2147483647;
			files = (
				8DF74BC021A37557009536AA /* LaunchScreen.storyboard in Resources */,
				8DF74BBD21A37557009536AA /* Assets.xcassets in Resources */,
				8DF74BBB21A37555009536AA /* Main.storyboard in Resources */,
			);
			runOnlyForDeploymentPostprocessing = 0;
		};
		8DF74BC421A37557009536AA /* Resources */ = {
			isa = PBXResourcesBuildPhase;
			buildActionMask = 2147483647;
			files = (
			);
			runOnlyForDeploymentPostprocessing = 0;
		};
		8DF74BCF21A37557009536AA /* Resources */ = {
			isa = PBXResourcesBuildPhase;
			buildActionMask = 2147483647;
			files = (
			);
			runOnlyForDeploymentPostprocessing = 0;
		};
/* End PBXResourcesBuildPhase section */

/* Begin PBXSourcesBuildPhase section */
		8DF74BAE21A37555009536AA /* Sources */ = {
			isa = PBXSourcesBuildPhase;
			buildActionMask = 2147483647;
			files = (
				8DF74BB821A37555009536AA /* ViewController.swift in Sources */,
				8DF74BB621A37555009536AA /* AppDelegate.swift in Sources */,
			);
			runOnlyForDeploymentPostprocessing = 0;
		};
		8DF74BC221A37557009536AA /* Sources */ = {
			isa = PBXSourcesBuildPhase;
			buildActionMask = 2147483647;
			files = (
				8DF74BCB21A37557009536AA /* volumeTests.swift in Sources */,
			);
			runOnlyForDeploymentPostprocessing = 0;
		};
		8DF74BCD21A37557009536AA /* Sources */ = {
			isa = PBXSourcesBuildPhase;
			buildActionMask = 2147483647;
			files = (
				8DF74BD621A37557009536AA /* volumeUITests.swift in Sources */,
			);
			runOnlyForDeploymentPostprocessing = 0;
		};
/* End PBXSourcesBuildPhase section */

/* Begin PBXTargetDependency section */
		8DF74BC821A37557009536AA /* PBXTargetDependency */ = {
			isa = PBXTargetDependency;
			target = 8DF74BB121A37555009536AA /* volume */;
			targetProxy = 8DF74BC721A37557009536AA /* PBXContainerItemProxy */;
		};
		8DF74BD321A37557009536AA /* PBXTargetDependency */ = {
			isa = PBXTargetDependency;
			target = 8DF74BB121A37555009536AA /* volume */;
			targetProxy = 8DF74BD221A37557009536AA /* PBXContainerItemProxy */;
		};
/* End PBXTargetDependency section */

/* Begin PBXVariantGroup section */
		8DF74BB921A37555009536AA /* Main.storyboard */ = {
			isa = PBXVariantGroup;
			children = (
				8DF74BBA21A37555009536AA /* Base */,
			);
			name = Main.storyboard;
			sourceTree = "<group>";
		};
		8DF74BBE21A37557009536AA /* LaunchScreen.storyboard */ = {
			isa = PBXVariantGroup;
			children = (
				8DF74BBF21A37557009536AA /* Base */,
			);
			name = LaunchScreen.storyboard;
			sourceTree = "<group>";
		};
/* End PBXVariantGroup section */

/* Begin XCBuildConfiguration section */
		8DF74BD821A37557009536AA /* Debug */ = {
			isa = XCBuildConfiguration;
			buildSettings = {
				ALWAYS_SEARCH_USER_PATHS = NO;
				CLANG_ANALYZER_NONNULL = YES;
				CLANG_ANALYZER_NUMBER_OBJECT_CONVERSION = YES_AGGRESSIVE;
				CLANG_CXX_LANGUAGE_STANDARD = "gnu++14";
				CLANG_CXX_LIBRARY = "libc++";
				CLANG_ENABLE_MODULES = YES;
				CLANG_ENABLE_OBJC_ARC = YES;
				CLANG_ENABLE_OBJC_WEAK = YES;
				CLANG_WARN_BLOCK_CAPTURE_AUTORELEASING = YES;
				CLANG_WARN_BOOL_CONVERSION = YES;
				CLANG_WARN_COMMA = YES;
				CLANG_WARN_CONSTANT_CONVERSION = YES;
				CLANG_WARN_DEPRECATED_OBJC_IMPLEMENTATIONS = YES;
				CLANG_WARN_DIRECT_OBJC_ISA_USAGE = YES_ERROR;
				CLANG_WARN_DOCUMENTATION_COMMENTS = YES;
				CLANG_WARN_EMPTY_BODY = YES;
				CLANG_WARN_ENUM_CONVERSION = YES;
				CLANG_WARN_INFINITE_RECURSION = YES;
				CLANG_WARN_INT_CONVERSION = YES;
				CLANG_WARN_NON_LITERAL_NULL_CONVERSION = YES;
				CLANG_WARN_OBJC_IMPLICIT_RETAIN_SELF = YES;
				CLANG_WARN_OBJC_LITERAL_CONVERSION = YES;
				CLANG_WARN_OBJC_ROOT_CLASS = YES_ERROR;
				CLANG_WARN_RANGE_LOOP_ANALYSIS = YES;
				CLANG_WARN_STRICT_PROTOTYPES = YES;
				CLANG_WARN_SUSPICIOUS_MOVE = YES;
				CLANG_WARN_UNGUARDED_AVAILABILITY = YES_AGGRESSIVE;
				CLANG_WARN_UNREACHABLE_CODE = YES;
				CLANG_WARN__DUPLICATE_METHOD_MATCH = YES;
				CODE_SIGN_IDENTITY = "iPhone Developer";
				COPY_PHASE_STRIP = NO;
				DEBUG_INFORMATION_FORMAT = dwarf;
				ENABLE_STRICT_OBJC_MSGSEND = YES;
				ENABLE_TESTABILITY = YES;
				GCC_C_LANGUAGE_STANDARD = gnu11;
				GCC_DYNAMIC_NO_PIC = NO;
				GCC_NO_COMMON_BLOCKS = YES;
				GCC_OPTIMIZATION_LEVEL = 0;
				GCC_PREPROCESSOR_DEFINITIONS = (
					"DEBUG=1",
					"$(inherited)",
				);
				GCC_WARN_64_TO_32_BIT_CONVERSION = YES;
				GCC_WARN_ABOUT_RETURN_TYPE = YES_ERROR;
				GCC_WARN_UNDECLARED_SELECTOR = YES;
				GCC_WARN_UNINITIALIZED_AUTOS = YES_AGGRESSIVE;
				GCC_WARN_UNUSED_FUNCTION = YES;
				GCC_WARN_UNUSED_VARIABLE = YES;
				IPHONEOS_DEPLOYMENT_TARGET = 12.1;
				MTL_ENABLE_DEBUG_INFO = INCLUDE_SOURCE;
				MTL_FAST_MATH = YES;
				ONLY_ACTIVE_ARCH = YES;
				SDKROOT = iphoneos;
				SWIFT_ACTIVE_COMPILATION_CONDITIONS = DEBUG;
				SWIFT_OPTIMIZATION_LEVEL = "-Onone";
			};
			name = Debug;
		};
		8DF74BD921A37557009536AA /* Release */ = {
			isa = XCBuildConfiguration;
			buildSettings = {
				ALWAYS_SEARCH_USER_PATHS = NO;
				CLANG_ANALYZER_NONNULL = YES;
				CLANG_ANALYZER_NUMBER_OBJECT_CONVERSION = YES_AGGRESSIVE;
				CLANG_CXX_LANGUAGE_STANDARD = "gnu++14";
				CLANG_CXX_LIBRARY = "libc++";
				CLANG_ENABLE_MODULES = YES;
				CLANG_ENABLE_OBJC_ARC = YES;
				CLANG_ENABLE_OBJC_WEAK = YES;
				CLANG_WARN_BLOCK_CAPTURE_AUTORELEASING = YES;
				CLANG_WARN_BOOL_CONVERSION = YES;
				CLANG_WARN_COMMA = YES;
				CLANG_WARN_CONSTANT_CONVERSION = YES;
				CLANG_WARN_DEPRECATED_OBJC_IMPLEMENTATIONS = YES;
				CLANG_WARN_DIRECT_OBJC_ISA_USAGE = YES_ERROR;
				CLANG_WARN_DOCUMENTATION_COMMENTS = YES;
				CLANG_WARN_EMPTY_BODY = YES;
				CLANG_WARN_ENUM_CONVERSION = YES;
				CLANG_WARN_INFINITE_RECURSION = YES;
				CLANG_WARN_INT_CONVERSION = YES;
				CLANG_WARN_NON_LITERAL_NULL_CONVERSION = YES;
				CLANG_WARN_OBJC_IMPLICIT_RETAIN_SELF = YES;
				CLANG_WARN_OBJC_LITERAL_CONVERSION = YES;
				CLANG_WARN_OBJC_ROOT_CLASS = YES_ERROR;
				CLANG_WARN_RANGE_LOOP_ANALYSIS = YES;
				CLANG_WARN_STRICT_PROTOTYPES = YES;
				CLANG_WARN_SUSPICIOUS_MOVE = YES;
				CLANG_WARN_UNGUARDED_AVAILABILITY = YES_AGGRESSIVE;
				CLANG_WARN_UNREACHABLE_CODE = YES;
				CLANG_WARN__DUPLICATE_METHOD_MATCH = YES;
				CODE_SIGN_IDENTITY = "iPhone Developer";
				COPY_PHASE_STRIP = NO;
				DEBUG_INFORMATION_FORMAT = "dwarf-with-dsym";
				ENABLE_NS_ASSERTIONS = NO;
				ENABLE_STRICT_OBJC_MSGSEND = YES;
				GCC_C_LANGUAGE_STANDARD = gnu11;
				GCC_NO_COMMON_BLOCKS = YES;
				GCC_WARN_64_TO_32_BIT_CONVERSION = YES;
				GCC_WARN_ABOUT_RETURN_TYPE = YES_ERROR;
				GCC_WARN_UNDECLARED_SELECTOR = YES;
				GCC_WARN_UNINITIALIZED_AUTOS = YES_AGGRESSIVE;
				GCC_WARN_UNUSED_FUNCTION = YES;
				GCC_WARN_UNUSED_VARIABLE = YES;
				IPHONEOS_DEPLOYMENT_TARGET = 12.1;
				MTL_ENABLE_DEBUG_INFO = NO;
				MTL_FAST_MATH = YES;
				SDKROOT = iphoneos;
				SWIFT_COMPILATION_MODE = wholemodule;
				SWIFT_OPTIMIZATION_LEVEL = "-O";
				VALIDATE_PRODUCT = YES;
			};
			name = Release;
		};
		8DF74BDB21A37557009536AA /* Debug */ = {
			isa = XCBuildConfiguration;
			buildSettings = {
				ASSETCATALOG_COMPILER_APPICON_NAME = AppIcon;
				CODE_SIGN_STYLE = Automatic;
				DEVELOPMENT_TEAM = B978JYUBV3;
				INFOPLIST_FILE = volume/Info.plist;
				IPHONEOS_DEPLOYMENT_TARGET = 9.3;
				LD_RUNPATH_SEARCH_PATHS = (
					"$(inherited)",
					"@executable_path/Frameworks",
				);
				PRODUCT_BUNDLE_IDENTIFIER = com.mopro.volume;
				PRODUCT_NAME = "$(TARGET_NAME)";
				SWIFT_VERSION = 4.2;
				TARGETED_DEVICE_FAMILY = "1,2";
			};
			name = Debug;
		};
		8DF74BDC21A37557009536AA /* Release */ = {
			isa = XCBuildConfiguration;
			buildSettings = {
				ASSETCATALOG_COMPILER_APPICON_NAME = AppIcon;
				CODE_SIGN_STYLE = Automatic;
				DEVELOPMENT_TEAM = B978JYUBV3;
				INFOPLIST_FILE = volume/Info.plist;
				IPHONEOS_DEPLOYMENT_TARGET = 9.3;
				LD_RUNPATH_SEARCH_PATHS = (
					"$(inherited)",
					"@executable_path/Frameworks",
				);
				PRODUCT_BUNDLE_IDENTIFIER = com.mopro.volume;
				PRODUCT_NAME = "$(TARGET_NAME)";
				SWIFT_VERSION = 4.2;
				TARGETED_DEVICE_FAMILY = "1,2";
			};
			name = Release;
		};
		8DF74BDE21A37557009536AA /* Debug */ = {
			isa = XCBuildConfiguration;
			buildSettings = {
				ALWAYS_EMBED_SWIFT_STANDARD_LIBRARIES = YES;
				BUNDLE_LOADER = "$(TEST_HOST)";
				CODE_SIGN_STYLE = Automatic;
				DEVELOPMENT_TEAM = B978JYUBV3;
				INFOPLIST_FILE = volumeTests/Info.plist;
				LD_RUNPATH_SEARCH_PATHS = (
					"$(inherited)",
					"@executable_path/Frameworks",
					"@loader_path/Frameworks",
				);
				PRODUCT_BUNDLE_IDENTIFIER = com.mopro.volumeTests;
				PRODUCT_NAME = "$(TARGET_NAME)";
				SWIFT_VERSION = 4.2;
				TARGETED_DEVICE_FAMILY = "1,2";
				TEST_HOST = "$(BUILT_PRODUCTS_DIR)/volume.app/volume";
			};
			name = Debug;
		};
		8DF74BDF21A37557009536AA /* Release */ = {
			isa = XCBuildConfiguration;
			buildSettings = {
				ALWAYS_EMBED_SWIFT_STANDARD_LIBRARIES = YES;
				BUNDLE_LOADER = "$(TEST_HOST)";
				CODE_SIGN_STYLE = Automatic;
				DEVELOPMENT_TEAM = B978JYUBV3;
				INFOPLIST_FILE = volumeTests/Info.plist;
				LD_RUNPATH_SEARCH_PATHS = (
					"$(inherited)",
					"@executable_path/Frameworks",
					"@loader_path/Frameworks",
				);
				PRODUCT_BUNDLE_IDENTIFIER = com.mopro.volumeTests;
				PRODUCT_NAME = "$(TARGET_NAME)";
				SWIFT_VERSION = 4.2;
				TARGETED_DEVICE_FAMILY = "1,2";
				TEST_HOST = "$(BUILT_PRODUCTS_DIR)/volume.app/volume";
			};
			name = Release;
		};
		8DF74BE121A37557009536AA /* Debug */ = {
			isa = XCBuildConfiguration;
			buildSettings = {
				ALWAYS_EMBED_SWIFT_STANDARD_LIBRARIES = YES;
				CODE_SIGN_STYLE = Automatic;
				DEVELOPMENT_TEAM = B978JYUBV3;
				INFOPLIST_FILE = volumeUITests/Info.plist;
				LD_RUNPATH_SEARCH_PATHS = (
					"$(inherited)",
					"@executable_path/Frameworks",
					"@loader_path/Frameworks",
				);
				PRODUCT_BUNDLE_IDENTIFIER = com.mopro.volumeUITests;
				PRODUCT_NAME = "$(TARGET_NAME)";
				SWIFT_VERSION = 4.2;
				TARGETED_DEVICE_FAMILY = "1,2";
				TEST_TARGET_NAME = volume;
			};
			name = Debug;
		};
		8DF74BE221A37557009536AA /* Release */ = {
			isa = XCBuildConfiguration;
			buildSettings = {
				ALWAYS_EMBED_SWIFT_STANDARD_LIBRARIES = YES;
				CODE_SIGN_STYLE = Automatic;
				DEVELOPMENT_TEAM = B978JYUBV3;
				INFOPLIST_FILE = volumeUITests/Info.plist;
				LD_RUNPATH_SEARCH_PATHS = (
					"$(inherited)",
					"@executable_path/Frameworks",
					"@loader_path/Frameworks",
				);
				PRODUCT_BUNDLE_IDENTIFIER = com.mopro.volumeUITests;
				PRODUCT_NAME = "$(TARGET_NAME)";
				SWIFT_VERSION = 4.2;
				TARGETED_DEVICE_FAMILY = "1,2";
				TEST_TARGET_NAME = volume;
			};
			name = Release;
		};
/* End XCBuildConfiguration section */

/* Begin XCConfigurationList section */
		8DF74BAD21A37555009536AA /* Build configuration list for PBXProject "volume" */ = {
			isa = XCConfigurationList;
			buildConfigurations = (
				8DF74BD821A37557009536AA /* Debug */,
				8DF74BD921A37557009536AA /* Release */,
			);
			defaultConfigurationIsVisible = 0;
			defaultConfigurationName = Release;
		};
		8DF74BDA21A37557009536AA /* Build configuration list for PBXNativeTarget "volume" */ = {
			isa = XCConfigurationList;
			buildConfigurations = (
				8DF74BDB21A37557009536AA /* Debug */,
				8DF74BDC21A37557009536AA /* Release */,
			);
			defaultConfigurationIsVisible = 0;
			defaultConfigurationName = Release;
		};
		8DF74BDD21A37557009536AA /* Build configuration list for PBXNativeTarget "volumeTests" */ = {
			isa = XCConfigurationList;
			buildConfigurations = (
				8DF74BDE21A37557009536AA /* Debug */,
				8DF74BDF21A37557009536AA /* Release */,
			);
			defaultConfigurationIsVisible = 0;
			defaultConfigurationName = Release;
		};
		8DF74BE021A37557009536AA /* Build configuration list for PBXNativeTarget "volumeUITests" */ = {
			isa = XCConfigurationList;
			buildConfigurations = (
				8DF74BE121A37557009536AA /* Debug */,
				8DF74BE221A37557009536AA /* Release */,
			);
			defaultConfigurationIsVisible = 0;
			defaultConfigurationName = Release;
		};
/* End XCConfigurationList section */
	};
	rootObject = 8DF74BAA21A37555009536AA /* Project object */;
}
